# This file is automatically @generated by Cargo.
# It is not intended for manual editing.
version = 4

[[package]]
name = "lithc"
version = "0.0.1"
dependencies = [
 "lithic-syntax",
]

[[package]]
name = "lithdev"
version = "0.0.1"
dependencies = [
 "lithic-syntax",
]

[[package]]
name = "lithfmt"
version = "0.0.1"
dependencies = [
 "lithic-syntax",
]

[[package]]
name = "lithic-syntax"
version = "0.0.1"

[[package]]
name = "lithlint"
version = "0.0.1"
dependencies = [
 "lithic-syntax",
]

[[package]]
name = "lithls"
version = "0.0.1"

[[package]]
name = "lithpkg"
version = "0.0.1"

[[package]]
name = "lithsec"
version = "0.0.1"

[[package]]
name = "lithtest"
version = "0.0.1"
